<?xml version="1.0" encoding="utf-8"?>
<Project ToolsVersion="4.0" xmlns="http://schemas.microsoft.com/developer/msbuild/2003">
  <ItemGroup>
    <Filter Include="Form Files">
      <UniqueIdentifier>{99349809-55BA-4b9d-BF79-8FDBB0286EB3}</UniqueIdentifier>
      <Extensions>ui</Extensions>
      <ParseFiles>false</ParseFiles>
    </Filter>
    <Filter Include="Form Files">
      <UniqueIdentifier>{99349809-55BA-4b9d-BF79-8FDBB0286EB3}</UniqueIdentifier>
      <Extensions>ui</Extensions>
      <ParseFiles>false</ParseFiles>
    </Filter>
    <Filter Include="Generated Files">
      <UniqueIdentifier>{71ED8ED8-ACB9-4CE9-BBE1-E00B30144E11}</UniqueIdentifier>
      <Extensions>cpp;c;cxx;moc;h;def;odl;idl;res;</Extensions>
    </Filter>
    <Filter Include="Generated Files">
      <UniqueIdentifier>{71ED8ED8-ACB9-4CE9-BBE1-E00B30144E11}</UniqueIdentifier>
      <Extensions>cpp;c;cxx;moc;h;def;odl;idl;res;</Extensions>
    </Filter>
    <Filter Include="Header Files">
      <UniqueIdentifier>{93995380-89BD-4b04-88EB-625FBE52EBFB}</UniqueIdentifier>
      <Extensions>h;hpp;hxx;hm;inl;inc;xsd</Extensions>
    </Filter>
    <Filter Include="Header Files">
      <UniqueIdentifier>{93995380-89BD-4b04-88EB-625FBE52EBFB}</UniqueIdentifier>
      <Extensions>h;hpp;hxx;hm;inl;inc;xsd</Extensions>
    </Filter>
    <Filter Include="Source Files">
      <UniqueIdentifier>{4FC737F1-C7A5-4376-A066-2A32D752A2FF}</UniqueIdentifier>
      <Extensions>cpp;c;cxx;def;odl;idl;hpj;bat;asm;asmx</Extensions>
    </Filter>
    <Filter Include="Source Files">
      <UniqueIdentifier>{4FC737F1-C7A5-4376-A066-2A32D752A2FF}</UniqueIdentifier>
      <Extensions>cpp;c;cxx;def;odl;idl;hpj;bat;asm;asmx</Extensions>
    </Filter>
    <Filter Include="Generated Files\Debug">
      <UniqueIdentifier>{b8cb6ee1-7fb9-4e6b-a496-aa64b9881cf3}</UniqueIdentifier>
      <Extensions>cpp;moc</Extensions>
      <SourceControlFiles>False</SourceControlFiles>
    </Filter>
    <Filter Include="Generated Files\Release">
      <UniqueIdentifier>{98f1fca7-ca3c-4a9b-9141-28a58b923829}</UniqueIdentifier>
      <Extensions>cpp;moc</Extensions>
      <SourceControlFiles>False</SourceControlFiles>
    </Filter>
  </ItemGroup>
  <ItemGroup>
    <ClCompile Include="lib\bfs.cpp">
      <Filter>Source Files</Filter>
    </ClCompile>
    <ClCompile Include="lib\dfs.cpp">
      <Filter>Source Files</Filter>
    </ClCompile>
    <ClCompile Include="lib\dijkstra.cpp">
      <Filter>Source Files</Filter>
    </ClCompile>
    <ClCompile Include="lib\edge.cpp">
      <Filter>Source Files</Filter>
    </ClCompile>
    <ClCompile Include="gui\edge_graphics_item.cpp">
      <Filter>Source Files</Filter>
    </ClCompile>
    <ClCompile Include="gui\edge_weight_text.cpp">
      <Filter>Source Files</Filter>
    </ClCompile>
    <ClCompile Include="lib\euler.cpp">
      <Filter>Source Files</Filter>
    </ClCompile>
    <ClCompile Include="lib\graph.cpp">
      <Filter>Source Files</Filter>
    </ClCompile>
    <ClCompile Include="lib\logger.cpp">
      <Filter>Source Files</Filter>
    </ClCompile>
    <ClCompile Include="main.cpp">
      <Filter>Source Files</Filter>
    </ClCompile>
    <ClCompile Include="mainwindow.cpp">
      <Filter>Source Files</Filter>
    </ClCompile>
    <ClCompile Include="lib\search.cpp">
      <Filter>Source Files</Filter>
    </ClCompile>
    <ClCompile Include="lib\vertex.cpp">
      <Filter>Source Files</Filter>
    </ClCompile>
    <ClCompile Include="gui\vertex_graphics_item.cpp">
      <Filter>Source Files</Filter>
    </ClCompile>
    <ClCompile Include="GeneratedFiles\Debug\moc_mainwindow.cpp">
      <Filter>Generated Files\Debug</Filter>
    </ClCompile>
    <ClCompile Include="GeneratedFiles\Release\moc_mainwindow.cpp">
      <Filter>Generated Files\Release</Filter>
    </ClCompile>
    <ClCompile Include="lib\adjacency_list.cpp">
      <Filter>Source Files</Filter>
    </ClCompile>
  </ItemGroup>
  <ItemGroup>
    <ClInclude Include="lib\bfs.hpp">
      <Filter>Header Files</Filter>
    </ClInclude>
    <ClInclude Include="lib\dfs.hpp">
      <Filter>Header Files</Filter>
    </ClInclude>
    <ClInclude Include="lib\dijkstra.hpp">
      <Filter>Header Files</Filter>
    </ClInclude>
    <ClInclude Include="lib\edge.hpp">
      <Filter>Header Files</Filter>
    </ClInclude>
    <ClInclude Include="gui\edge_graphics_item.h">
      <Filter>Header Files</Filter>
    </ClInclude>
    <ClInclude Include="gui\edge_weight_text.h">
      <Filter>Header Files</Filter>
    </ClInclude>
    <ClInclude Include="lib\euler.hpp">
      <Filter>Header Files</Filter>
    </ClInclude>
    <ClInclude Include="lib\graph.hpp">
      <Filter>Header Files</Filter>
    </ClInclude>
    <ClInclude Include="lib\logger.hpp">
      <Filter>Header Files</Filter>
    </ClInclude>
    <CustomBuild Include="mainwindow.h">
      <Filter>Header Files</Filter>
    </CustomBuild>
    <ClInclude Include="lib\search.hpp">
      <Filter>Header Files</Filter>
    </ClInclude>
    <ClInclude Include="lib\vertex.hpp">
      <Filter>Header Files</Filter>
    </ClInclude>
    <ClInclude Include="gui\vertex_graphics_item.h">
      <Filter>Header Files</Filter>
    </ClInclude>
    <ClInclude Include="GeneratedFiles\ui_mainwindow.h">
      <Filter>Generated Files</Filter>
    </ClInclude>
    <ClInclude Include="lib\adjacency_list.h">
      <Filter>Header Files</Filter>
    </ClInclude>
    <ClInclude Include="lib\vertex_color.hpp">
      <Filter>Header Files</Filter>
    </ClInclude>
  </ItemGroup>
  <ItemGroup>
    <CustomBuild Include="mainwindow.ui">
      <Filter>Form Files</Filter>
    </CustomBuild>
  </ItemGroup>
</Project>